// !$*UTF8*$!
{
	archiveVersion = 1;
	classes = {
	};
	objectVersion = 46;
	objects = {

/* Begin PBXBuildFile section */
		0413E0EF1CF2580B0042943F /* Jeeran.xcdatamodeld in Sources */ = {isa = PBXBuildFile; fileRef = 0413E0ED1CF2580B0042943F /* Jeeran.xcdatamodeld */; };
		0413E0F11CF2580B0042943F /* Assets.xcassets in Resources */ = {isa = PBXBuildFile; fileRef = 0413E0F01CF2580B0042943F /* Assets.xcassets */; };
		04231FCF1CFAAFD500B0493E /* comment-icon.png in Resources */ = {isa = PBXBuildFile; fileRef = 04231FCB1CFAAFD500B0493E /* comment-icon.png */; };
		04231FD01CFAAFD500B0493E /* favorite-icon.png in Resources */ = {isa = PBXBuildFile; fileRef = 04231FCC1CFAAFD500B0493E /* favorite-icon.png */; };
		04231FD11CFAAFD500B0493E /* options-icon.png in Resources */ = {isa = PBXBuildFile; fileRef = 04231FCD1CFAAFD500B0493E /* options-icon.png */; };
		04231FD21CFAAFD500B0493E /* report-icon.png in Resources */ = {isa = PBXBuildFile; fileRef = 04231FCE1CFAAFD500B0493E /* report-icon.png */; };
		0425DA901CFDF5BB0062754C /* home2.jpeg in Resources */ = {isa = PBXBuildFile; fileRef = 0425DA8E1CFDF5BB0062754C /* home2.jpeg */; };
		0425DA911CFDF5BB0062754C /* home3.jpg in Resources */ = {isa = PBXBuildFile; fileRef = 0425DA8F1CFDF5BB0062754C /* home3.jpg */; };
		042B27981CF3FEE200CC81AE /* home.jpg in Resources */ = {isa = PBXBuildFile; fileRef = 042B27961CF3FEE200CC81AE /* home.jpg */; };
		042B27991CF3FEE200CC81AE /* service.png in Resources */ = {isa = PBXBuildFile; fileRef = 042B27971CF3FEE200CC81AE /* service.png */; };
		042B279B1CF4054200CC81AE /* donthave.png in Resources */ = {isa = PBXBuildFile; fileRef = 042B279A1CF4054200CC81AE /* donthave.png */; };
		043123D21D0317E300CC2D22 /* categeory-arrow-icon.png in Resources */ = {isa = PBXBuildFile; fileRef = 043123D11D0317E300CC2D22 /* categeory-arrow-icon.png */; };
		0435730C1D043EC900C07517 /* Discussiontest.swift in Sources */ = {isa = PBXBuildFile; fileRef = 0435730B1D043EC900C07517 /* Discussiontest.swift */; };
		0435733E1D04860900C07517 /* LoginViewController.swift in Sources */ = {isa = PBXBuildFile; fileRef = 043573311D04860900C07517 /* LoginViewController.swift */; };
		0435733F1D04860900C07517 /* PlaceViewController.swift in Sources */ = {isa = PBXBuildFile; fileRef = 043573321D04860900C07517 /* PlaceViewController.swift */; };
		043573401D04860900C07517 /* RegisterViewController.swift in Sources */ = {isa = PBXBuildFile; fileRef = 043573331D04860900C07517 /* RegisterViewController.swift */; };
		043573421D04860900C07517 /* MainContainerView.swift in Sources */ = {isa = PBXBuildFile; fileRef = 043573371D04860900C07517 /* MainContainerView.swift */; };
		043573431D04860900C07517 /* MainContentView.swift in Sources */ = {isa = PBXBuildFile; fileRef = 043573381D04860900C07517 /* MainContentView.swift */; };
		043573441D04860900C07517 /* NavigationView.swift in Sources */ = {isa = PBXBuildFile; fileRef = 043573391D04860900C07517 /* NavigationView.swift */; };
		043573451D04860900C07517 /* ViewController.swift in Sources */ = {isa = PBXBuildFile; fileRef = 0435733A1D04860900C07517 /* ViewController.swift */; };
		043573481D04861800C07517 /* AppDelegate.swift in Sources */ = {isa = PBXBuildFile; fileRef = 043573471D04861800C07517 /* AppDelegate.swift */; };
		0435734B1D04862F00C07517 /* NetworkManager.swift in Sources */ = {isa = PBXBuildFile; fileRef = 0435734A1D04862F00C07517 /* NetworkManager.swift */; };
		0435734D1D0486DF00C07517 /* MainRegistraion.storyboard in Resources */ = {isa = PBXBuildFile; fileRef = 0435734C1D0486DF00C07517 /* MainRegistraion.storyboard */; };
		0439F0EB1CFF5B8A004C1BCD /* default-photo.png in Resources */ = {isa = PBXBuildFile; fileRef = 0439F0E81CFF5B89004C1BCD /* default-photo.png */; };
		0439F0EC1CFF5B8A004C1BCD /* photo-icon.png in Resources */ = {isa = PBXBuildFile; fileRef = 0439F0E91CFF5B89004C1BCD /* photo-icon.png */; };
		044DABDD1D0058F300C6A01F /* services-icon.png in Resources */ = {isa = PBXBuildFile; fileRef = 044DABDC1D0058F300C6A01F /* services-icon.png */; };
		1003B16E1D0C607600012E70 /* LaunchScreen.storyboard in Resources */ = {isa = PBXBuildFile; fileRef = 1003B16D1D0C607600012E70 /* LaunchScreen.storyboard */; };
		1004C3E41D1A97AF006E6E11 /* Main.storyboard in Resources */ = {isa = PBXBuildFile; fileRef = 1004C3E31D1A97AF006E6E11 /* Main.storyboard */; };
		1004C3E91D1A987E006E6E11 /* Comments.swift in Sources */ = {isa = PBXBuildFile; fileRef = 1004C3E51D1A987E006E6E11 /* Comments.swift */; };
		1004C3EA1D1A987E006E6E11 /* Discussion.swift in Sources */ = {isa = PBXBuildFile; fileRef = 1004C3E61D1A987E006E6E11 /* Discussion.swift */; };
		1004C3EB1D1A987E006E6E11 /* DiscussionReport.swift in Sources */ = {isa = PBXBuildFile; fileRef = 1004C3E71D1A987E006E6E11 /* DiscussionReport.swift */; };
		1004C3EC1D1A987E006E6E11 /* Reviews.swift in Sources */ = {isa = PBXBuildFile; fileRef = 1004C3E81D1A987E006E6E11 /* Reviews.swift */; };
		1004C3F01D1A98CA006E6E11 /* RealState.swift in Sources */ = {isa = PBXBuildFile; fileRef = 1004C3ED1D1A98CA006E6E11 /* RealState.swift */; };
		1004C3F11D1A98CA006E6E11 /* RealStateAdding.swift in Sources */ = {isa = PBXBuildFile; fileRef = 1004C3EE1D1A98CA006E6E11 /* RealStateAdding.swift */; };
		1004C3F21D1A98CA006E6E11 /* RealStateDetails.swift in Sources */ = {isa = PBXBuildFile; fileRef = 1004C3EF1D1A98CA006E6E11 /* RealStateDetails.swift */; };
		1004C4011D1A9D63006E6E11 /* POAmenities.swift in Sources */ = {isa = PBXBuildFile; fileRef = 1004C3F61D1A9D63006E6E11 /* POAmenities.swift */; };
		1004C4021D1A9D63006E6E11 /* POComment.swift in Sources */ = {isa = PBXBuildFile; fileRef = 1004C3F71D1A9D63006E6E11 /* POComment.swift */; };
		1004C4031D1A9D63006E6E11 /* PODiscussion.swift in Sources */ = {isa = PBXBuildFile; fileRef = 1004C3F81D1A9D63006E6E11 /* PODiscussion.swift */; };
		1004C4041D1A9D63006E6E11 /* PONeighborhood.swift in Sources */ = {isa = PBXBuildFile; fileRef = 1004C3F91D1A9D63006E6E11 /* PONeighborhood.swift */; };
		1004C4051D1A9D63006E6E11 /* PORealState.swift in Sources */ = {isa = PBXBuildFile; fileRef = 1004C3FA1D1A9D63006E6E11 /* PORealState.swift */; };
		1004C4061D1A9D63006E6E11 /* PORealStateImages.swift in Sources */ = {isa = PBXBuildFile; fileRef = 1004C3FB1D1A9D63006E6E11 /* PORealStateImages.swift */; };
		1004C4071D1A9D63006E6E11 /* POReportReasons.swift in Sources */ = {isa = PBXBuildFile; fileRef = 1004C3FC1D1A9D63006E6E11 /* POReportReasons.swift */; };
		1004C4081D1A9D63006E6E11 /* POTopic.swift in Sources */ = {isa = PBXBuildFile; fileRef = 1004C3FD1D1A9D63006E6E11 /* POTopic.swift */; };
		1004C4091D1A9D63006E6E11 /* POUnitTypes.swift in Sources */ = {isa = PBXBuildFile; fileRef = 1004C3FE1D1A9D63006E6E11 /* POUnitTypes.swift */; };
		1004C40A1D1A9D63006E6E11 /* POUser.swift in Sources */ = {isa = PBXBuildFile; fileRef = 1004C3FF1D1A9D63006E6E11 /* POUser.swift */; };
		1004C40B1D1A9D63006E6E11 /* User.swift in Sources */ = {isa = PBXBuildFile; fileRef = 1004C4001D1A9D63006E6E11 /* User.swift */; };
		1004C4111D1A9D6C006E6E11 /* SLComment.swift in Sources */ = {isa = PBXBuildFile; fileRef = 1004C40D1D1A9D6C006E6E11 /* SLComment.swift */; };
		1004C4121D1A9D6C006E6E11 /* SLDiscussion.swift in Sources */ = {isa = PBXBuildFile; fileRef = 1004C40E1D1A9D6C006E6E11 /* SLDiscussion.swift */; };
		1004C4131D1A9D6C006E6E11 /* SLRealState.swift in Sources */ = {isa = PBXBuildFile; fileRef = 1004C40F1D1A9D6C006E6E11 /* SLRealState.swift */; };
		1004C4141D1A9D6C006E6E11 /* SLReport.swift in Sources */ = {isa = PBXBuildFile; fileRef = 1004C4101D1A9D6C006E6E11 /* SLReport.swift */; };
		1004C41F1D1A9DB4006E6E11 /* Double+Custom.swift in Sources */ = {isa = PBXBuildFile; fileRef = 1004C4161D1A9DB4006E6E11 /* Double+Custom.swift */; };
		1004C4201D1A9DB4006E6E11 /* Int+Custom.swift in Sources */ = {isa = PBXBuildFile; fileRef = 1004C4171D1A9DB4006E6E11 /* Int+Custom.swift */; };
		1004C4211D1A9DB4006E6E11 /* JeeranUtil.swift in Sources */ = {isa = PBXBuildFile; fileRef = 1004C4181D1A9DB4006E6E11 /* JeeranUtil.swift */; };
		1004C4221D1A9DB4006E6E11 /* String+Custom.swift in Sources */ = {isa = PBXBuildFile; fileRef = 1004C4191D1A9DB4006E6E11 /* String+Custom.swift */; };
		1004C4231D1A9DB4006E6E11 /* UIImage+CustomImage.swift in Sources */ = {isa = PBXBuildFile; fileRef = 1004C41A1D1A9DB4006E6E11 /* UIImage+CustomImage.swift */; };
		1004C4241D1A9DB4006E6E11 /* UIImageView+Custom.swift in Sources */ = {isa = PBXBuildFile; fileRef = 1004C41B1D1A9DB4006E6E11 /* UIImageView+Custom.swift */; };
		1004C4251D1A9DB4006E6E11 /* UINavigationController+Custom.swift in Sources */ = {isa = PBXBuildFile; fileRef = 1004C41C1D1A9DB4006E6E11 /* UINavigationController+Custom.swift */; };
		1004C4261D1A9DB4006E6E11 /* UITextField+Custom.swift in Sources */ = {isa = PBXBuildFile; fileRef = 1004C41D1D1A9DB4006E6E11 /* UITextField+Custom.swift */; };
		1004C4271D1A9DB4006E6E11 /* UITextView+Custom.swift in Sources */ = {isa = PBXBuildFile; fileRef = 1004C41E1D1A9DB4006E6E11 /* UITextView+Custom.swift */; };
		1004C4291D1A9DDB006E6E11 /* ResponseManager.swift in Sources */ = {isa = PBXBuildFile; fileRef = 1004C4281D1A9DDB006E6E11 /* ResponseManager.swift */; };
		1004C42D1D1A9EEA006E6E11 /* NoData.swift in Sources */ = {isa = PBXBuildFile; fileRef = 1004C42B1D1A9EEA006E6E11 /* NoData.swift */; };
		1004C42E1D1A9EEA006E6E11 /* NoFavorites.swift in Sources */ = {isa = PBXBuildFile; fileRef = 1004C42C1D1A9EEA006E6E11 /* NoFavorites.swift */; };
		100E73301D10C7AF00CF54E2 /* FloatingViewController.swift in Sources */ = {isa = PBXBuildFile; fileRef = 100E732E1D10C7AF00CF54E2 /* FloatingViewController.swift */; };
		100E73321D10CC9900CF54E2 /* FloatingNavigationController.swift in Sources */ = {isa = PBXBuildFile; fileRef = 100E73311D10CC9900CF54E2 /* FloatingNavigationController.swift */; };
		100E73341D10CD2B00CF54E2 /* MainNavigationController.swift in Sources */ = {isa = PBXBuildFile; fileRef = 100E73331D10CD2B00CF54E2 /* MainNavigationController.swift */; };
		100E73361D10CF9B00CF54E2 /* FloatingButtonDelegate.swift in Sources */ = {isa = PBXBuildFile; fileRef = 100E73351D10CF9B00CF54E2 /* FloatingButtonDelegate.swift */; };
		101DFA461D159EBC00799639 /* FacebookLoginDelegate.swift in Sources */ = {isa = PBXBuildFile; fileRef = 101DFA451D159EBC00799639 /* FacebookLoginDelegate.swift */; };
		104B5D011D15E0BB006CB09E /* ProfileViewDelegate.swift in Sources */ = {isa = PBXBuildFile; fileRef = 104B5D001D15E0BB006CB09E /* ProfileViewDelegate.swift */; };
		1051AA001D0DB7EA003412D2 /* HelpViewController.swift in Sources */ = {isa = PBXBuildFile; fileRef = 1051A9FF1D0DB7EA003412D2 /* HelpViewController.swift */; };
		1051AA021D0DB811003412D2 /* MyAccountViewController.swift in Sources */ = {isa = PBXBuildFile; fileRef = 1051AA011D0DB811003412D2 /* MyAccountViewController.swift */; };
		1051AA041D0DB82E003412D2 /* NotificationsViewController.swift in Sources */ = {isa = PBXBuildFile; fileRef = 1051AA031D0DB82E003412D2 /* NotificationsViewController.swift */; };
		1051AA061D0DB83E003412D2 /* SettingsViewController.swift in Sources */ = {isa = PBXBuildFile; fileRef = 1051AA051D0DB83E003412D2 /* SettingsViewController.swift */; };
		236DE34668219EDCC2098D41 /* Pods_Jeeran.framework in Frameworks */ = {isa = PBXBuildFile; fileRef = DAFD4D6F192A01EF42F17BB9 /* Pods_Jeeran.framework */; };
		6814F0271D1D52DE00375983 /* CollectionCell.swift in Sources */ = {isa = PBXBuildFile; fileRef = 6814F00F1D1D52DE00375983 /* CollectionCell.swift */; };
		6814F0281D1D52DE00375983 /* DetailViewController.swift in Sources */ = {isa = PBXBuildFile; fileRef = 6814F0101D1D52DE00375983 /* DetailViewController.swift */; };
		6814F0291D1D52DE00375983 /* Paper.swift in Sources */ = {isa = PBXBuildFile; fileRef = 6814F0121D1D52DE00375983 /* Paper.swift */; };
		6814F02A1D1D52DE00375983 /* Papers.plist in Resources */ = {isa = PBXBuildFile; fileRef = 6814F0131D1D52DE00375983 /* Papers.plist */; };
		6814F02B1D1D52DE00375983 /* PapersDataSource.swift in Sources */ = {isa = PBXBuildFile; fileRef = 6814F0141D1D52DE00375983 /* PapersDataSource.swift */; };
		6814F02C1D1D52DE00375983 /* DetailServiceViewController.swift in Sources */ = {isa = PBXBuildFile; fileRef = 6814F0151D1D52DE00375983 /* DetailServiceViewController.swift */; };
		6814F02D1D1D52DE00375983 /* FavoriteServices.swift in Sources */ = {isa = PBXBuildFile; fileRef = 6814F0171D1D52DE00375983 /* FavoriteServices.swift */; };
		6814F02E1D1D52DE00375983 /* Constants.swift in Sources */ = {isa = PBXBuildFile; fileRef = 6814F01A1D1D52DE00375983 /* Constants.swift */; };
		6814F02F1D1D52DE00375983 /* Services.swift in Sources */ = {isa = PBXBuildFile; fileRef = 6814F01B1D1D52DE00375983 /* Services.swift */; };
		6814F0301D1D52DE00375983 /* TableViewCell.swift in Sources */ = {isa = PBXBuildFile; fileRef = 6814F01C1D1D52DE00375983 /* TableViewCell.swift */; };
		6814F0311D1D52DE00375983 /* MapController.swift in Sources */ = {isa = PBXBuildFile; fileRef = 6814F01E1D1D52DE00375983 /* MapController.swift */; };
		6814F0321D1D52DE00375983 /* ServicePlaceList.swift in Sources */ = {isa = PBXBuildFile; fileRef = 6814F0201D1D52DE00375983 /* ServicePlaceList.swift */; };
		6814F0331D1D52DE00375983 /* ServiceRate.swift in Sources */ = {isa = PBXBuildFile; fileRef = 6814F0221D1D52DE00375983 /* ServiceRate.swift */; };
		6814F0341D1D52DE00375983 /* SubServiceCell.swift in Sources */ = {isa = PBXBuildFile; fileRef = 6814F0241D1D52DE00375983 /* SubServiceCell.swift */; };
		6814F0351D1D52DE00375983 /* SubServices.swift in Sources */ = {isa = PBXBuildFile; fileRef = 6814F0251D1D52DE00375983 /* SubServices.swift */; };
		6814F0361D1D52DE00375983 /* URLs.swift in Sources */ = {isa = PBXBuildFile; fileRef = 6814F0261D1D52DE00375983 /* URLs.swift */; };
		6814F0541D1D52F100375983 /* DetailSubView.swift in Sources */ = {isa = PBXBuildFile; fileRef = 6814F03A1D1D52F100375983 /* DetailSubView.swift */; };
		6814F0551D1D52F100375983 /* ResponseDetailedSubServices.swift in Sources */ = {isa = PBXBuildFile; fileRef = 6814F03B1D1D52F100375983 /* ResponseDetailedSubServices.swift */; };
		6814F0561D1D52F100375983 /* FavoriteService.swift in Sources */ = {isa = PBXBuildFile; fileRef = 6814F03D1D1D52F100375983 /* FavoriteService.swift */; };
		6814F0571D1D52F100375983 /* ResponseFavoriteServices.swift in Sources */ = {isa = PBXBuildFile; fileRef = 6814F03E1D1D52F100375983 /* ResponseFavoriteServices.swift */; };
		6814F0581D1D52F100375983 /* ServicesPlaces.swift in Sources */ = {isa = PBXBuildFile; fileRef = 6814F03F1D1D52F100375983 /* ServicesPlaces.swift */; };
		6814F0591D1D52F100375983 /* MainServiceList.swift in Sources */ = {isa = PBXBuildFile; fileRef = 6814F0411D1D52F100375983 /* MainServiceList.swift */; };
		6814F05A1D1D52F100375983 /* ResponseService.swift in Sources */ = {isa = PBXBuildFile; fileRef = 6814F0421D1D52F100375983 /* ResponseService.swift */; };
		6814F05B1D1D52F100375983 /* RateList.swift in Sources */ = {isa = PBXBuildFile; fileRef = 6814F0431D1D52F100375983 /* RateList.swift */; };
		6814F05C1D1D52F100375983 /* ResponseServiceList.swift in Sources */ = {isa = PBXBuildFile; fileRef = 6814F0451D1D52F100375983 /* ResponseServiceList.swift */; };
		6814F05D1D1D52F100375983 /* ServiceList.swift in Sources */ = {isa = PBXBuildFile; fileRef = 6814F0461D1D52F100375983 /* ServiceList.swift */; };
		6814F05E1D1D52F100375983 /* Image.swift in Sources */ = {isa = PBXBuildFile; fileRef = 6814F0481D1D52F100375983 /* Image.swift */; };
		6814F05F1D1D52F100375983 /* ResponseShowServicePlace.swift in Sources */ = {isa = PBXBuildFile; fileRef = 6814F0491D1D52F100375983 /* ResponseShowServicePlace.swift */; };
		6814F0601D1D52F100375983 /* Review.swift in Sources */ = {isa = PBXBuildFile; fileRef = 6814F04A1D1D52F100375983 /* Review.swift */; };
		6814F0611D1D52F100375983 /* ServicePlace.swift in Sources */ = {isa = PBXBuildFile; fileRef = 6814F04B1D1D52F100375983 /* ServicePlace.swift */; };
		6814F0621D1D52F100375983 /* ShowServicePlace.swift in Sources */ = {isa = PBXBuildFile; fileRef = 6814F04C1D1D52F100375983 /* ShowServicePlace.swift */; };
		6814F0631D1D52F100375983 /* UserN.swift in Sources */ = {isa = PBXBuildFile; fileRef = 6814F04D1D1D52F100375983 /* UserN.swift */; };
		6814F0641D1D52F100375983 /* ResponseSubServices.swift in Sources */ = {isa = PBXBuildFile; fileRef = 6814F04F1D1D52F100375983 /* ResponseSubServices.swift */; };
		6814F0651D1D52F100375983 /* SubServicesList.swift in Sources */ = {isa = PBXBuildFile; fileRef = 6814F0501D1D52F100375983 /* SubServicesList.swift */; };
		6814F0661D1D52F100375983 /* Result.swift in Sources */ = {isa = PBXBuildFile; fileRef = 6814F0511D1D52F100375983 /* Result.swift */; };
		6814F0671D1D52F100375983 /* ServicesURLs.swift in Sources */ = {isa = PBXBuildFile; fileRef = 6814F0521D1D52F100375983 /* ServicesURLs.swift */; };
		6814F0681D1D52F100375983 /* WebserviceManger.swift in Sources */ = {isa = PBXBuildFile; fileRef = 6814F0531D1D52F100375983 /* WebserviceManger.swift */; };
		6814F06A1D1D535200375983 /* MainServices.storyboard in Resources */ = {isa = PBXBuildFile; fileRef = 6814F0691D1D535200375983 /* MainServices.storyboard */; };
		68CEEDF51D1E42060058838A /* MyServicesPlaces.swift in Sources */ = {isa = PBXBuildFile; fileRef = 68CEEDF41D1E42050058838A /* MyServicesPlaces.swift */; };
		68CEEDF71D1E421E0058838A /* MyServiceResponse.swift in Sources */ = {isa = PBXBuildFile; fileRef = 68CEEDF61D1E421E0058838A /* MyServiceResponse.swift */; };
		68CEEDFA1D1E50A30058838A /* MyServices.swift in Sources */ = {isa = PBXBuildFile; fileRef = 68CEEDF91D1E50A30058838A /* MyServices.swift */; };
/* End PBXBuildFile section */

/* Begin PBXFileReference section */
		0413E0E31CF2580B0042943F /* Jeeran.app */ = {isa = PBXFileReference; explicitFileType = wrapper.application; includeInIndex = 0; path = Jeeran.app; sourceTree = BUILT_PRODUCTS_DIR; };
		0413E0EE1CF2580B0042943F /* Jeeran.xcdatamodel */ = {isa = PBXFileReference; lastKnownFileType = wrapper.xcdatamodel; path = Jeeran.xcdatamodel; sourceTree = "<group>"; };
		0413E0F01CF2580B0042943F /* Assets.xcassets */ = {isa = PBXFileReference; lastKnownFileType = folder.assetcatalog; path = Assets.xcassets; sourceTree = "<group>"; };
		0413E0F51CF2580B0042943F /* Info.plist */ = {isa = PBXFileReference; lastKnownFileType = text.plist.xml; path = Info.plist; sourceTree = "<group>"; };
		04231FCB1CFAAFD500B0493E /* comment-icon.png */ = {isa = PBXFileReference; lastKnownFileType = image.png; path = "comment-icon.png"; sourceTree = "<group>"; };
		04231FCC1CFAAFD500B0493E /* favorite-icon.png */ = {isa = PBXFileReference; lastKnownFileType = image.png; path = "favorite-icon.png"; sourceTree = "<group>"; };
		04231FCD1CFAAFD500B0493E /* options-icon.png */ = {isa = PBXFileReference; lastKnownFileType = image.png; path = "options-icon.png"; sourceTree = "<group>"; };
		04231FCE1CFAAFD500B0493E /* report-icon.png */ = {isa = PBXFileReference; lastKnownFileType = image.png; path = "report-icon.png"; sourceTree = "<group>"; };
		0425DA8E1CFDF5BB0062754C /* home2.jpeg */ = {isa = PBXFileReference; lastKnownFileType = image.jpeg; path = home2.jpeg; sourceTree = "<group>"; };
		0425DA8F1CFDF5BB0062754C /* home3.jpg */ = {isa = PBXFileReference; lastKnownFileType = image.jpeg; path = home3.jpg; sourceTree = "<group>"; };
		042B27961CF3FEE200CC81AE /* home.jpg */ = {isa = PBXFileReference; lastKnownFileType = image.jpeg; path = home.jpg; sourceTree = "<group>"; };
		042B27971CF3FEE200CC81AE /* service.png */ = {isa = PBXFileReference; lastKnownFileType = image.png; path = service.png; sourceTree = "<group>"; };
		042B279A1CF4054200CC81AE /* donthave.png */ = {isa = PBXFileReference; lastKnownFileType = image.png; path = donthave.png; sourceTree = "<group>"; };
		043123D11D0317E300CC2D22 /* categeory-arrow-icon.png */ = {isa = PBXFileReference; lastKnownFileType = image.png; path = "categeory-arrow-icon.png"; sourceTree = "<group>"; };
		0435730B1D043EC900C07517 /* Discussiontest.swift */ = {isa = PBXFileReference; fileEncoding = 4; lastKnownFileType = sourcecode.swift; path = Discussiontest.swift; sourceTree = "<group>"; };
		043573311D04860900C07517 /* LoginViewController.swift */ = {isa = PBXFileReference; fileEncoding = 4; lastKnownFileType = sourcecode.swift; path = LoginViewController.swift; sourceTree = "<group>"; };
		043573321D04860900C07517 /* PlaceViewController.swift */ = {isa = PBXFileReference; fileEncoding = 4; lastKnownFileType = sourcecode.swift; path = PlaceViewController.swift; sourceTree = "<group>"; };
		043573331D04860900C07517 /* RegisterViewController.swift */ = {isa = PBXFileReference; fileEncoding = 4; lastKnownFileType = sourcecode.swift; path = RegisterViewController.swift; sourceTree = "<group>"; };
		043573371D04860900C07517 /* MainContainerView.swift */ = {isa = PBXFileReference; fileEncoding = 4; lastKnownFileType = sourcecode.swift; path = MainContainerView.swift; sourceTree = "<group>"; };
		043573381D04860900C07517 /* MainContentView.swift */ = {isa = PBXFileReference; fileEncoding = 4; lastKnownFileType = sourcecode.swift; path = MainContentView.swift; sourceTree = "<group>"; };
		043573391D04860900C07517 /* NavigationView.swift */ = {isa = PBXFileReference; fileEncoding = 4; lastKnownFileType = sourcecode.swift; path = NavigationView.swift; sourceTree = "<group>"; };
		0435733A1D04860900C07517 /* ViewController.swift */ = {isa = PBXFileReference; fileEncoding = 4; lastKnownFileType = sourcecode.swift; path = ViewController.swift; sourceTree = "<group>"; };
		043573471D04861800C07517 /* AppDelegate.swift */ = {isa = PBXFileReference; fileEncoding = 4; lastKnownFileType = sourcecode.swift; path = AppDelegate.swift; sourceTree = "<group>"; };
		0435734A1D04862F00C07517 /* NetworkManager.swift */ = {isa = PBXFileReference; fileEncoding = 4; lastKnownFileType = sourcecode.swift; path = NetworkManager.swift; sourceTree = "<group>"; };
		0435734C1D0486DF00C07517 /* MainRegistraion.storyboard */ = {isa = PBXFileReference; fileEncoding = 4; lastKnownFileType = file.storyboard; path = MainRegistraion.storyboard; sourceTree = "<group>"; };
		0439F0E81CFF5B89004C1BCD /* default-photo.png */ = {isa = PBXFileReference; lastKnownFileType = image.png; path = "default-photo.png"; sourceTree = "<group>"; };
		0439F0E91CFF5B89004C1BCD /* photo-icon.png */ = {isa = PBXFileReference; lastKnownFileType = image.png; path = "photo-icon.png"; sourceTree = "<group>"; };
		044DABDC1D0058F300C6A01F /* services-icon.png */ = {isa = PBXFileReference; lastKnownFileType = image.png; path = "services-icon.png"; sourceTree = "<group>"; };
		1003B16D1D0C607600012E70 /* LaunchScreen.storyboard */ = {isa = PBXFileReference; fileEncoding = 4; lastKnownFileType = file.storyboard; path = LaunchScreen.storyboard; sourceTree = "<group>"; };
		1004C3E31D1A97AF006E6E11 /* Main.storyboard */ = {isa = PBXFileReference; fileEncoding = 4; lastKnownFileType = file.storyboard; path = Main.storyboard; sourceTree = "<group>"; };
		1004C3E51D1A987E006E6E11 /* Comments.swift */ = {isa = PBXFileReference; fileEncoding = 4; lastKnownFileType = sourcecode.swift; path = Comments.swift; sourceTree = "<group>"; };
		1004C3E61D1A987E006E6E11 /* Discussion.swift */ = {isa = PBXFileReference; fileEncoding = 4; lastKnownFileType = sourcecode.swift; path = Discussion.swift; sourceTree = "<group>"; };
		1004C3E71D1A987E006E6E11 /* DiscussionReport.swift */ = {isa = PBXFileReference; fileEncoding = 4; lastKnownFileType = sourcecode.swift; path = DiscussionReport.swift; sourceTree = "<group>"; };
		1004C3E81D1A987E006E6E11 /* Reviews.swift */ = {isa = PBXFileReference; fileEncoding = 4; lastKnownFileType = sourcecode.swift; path = Reviews.swift; sourceTree = "<group>"; };
		1004C3ED1D1A98CA006E6E11 /* RealState.swift */ = {isa = PBXFileReference; fileEncoding = 4; lastKnownFileType = sourcecode.swift; path = RealState.swift; sourceTree = "<group>"; };
		1004C3EE1D1A98CA006E6E11 /* RealStateAdding.swift */ = {isa = PBXFileReference; fileEncoding = 4; lastKnownFileType = sourcecode.swift; path = RealStateAdding.swift; sourceTree = "<group>"; };
		1004C3EF1D1A98CA006E6E11 /* RealStateDetails.swift */ = {isa = PBXFileReference; fileEncoding = 4; lastKnownFileType = sourcecode.swift; path = RealStateDetails.swift; sourceTree = "<group>"; };
		1004C3F61D1A9D63006E6E11 /* POAmenities.swift */ = {isa = PBXFileReference; fileEncoding = 4; lastKnownFileType = sourcecode.swift; path = POAmenities.swift; sourceTree = "<group>"; };
		1004C3F71D1A9D63006E6E11 /* POComment.swift */ = {isa = PBXFileReference; fileEncoding = 4; lastKnownFileType = sourcecode.swift; path = POComment.swift; sourceTree = "<group>"; };
		1004C3F81D1A9D63006E6E11 /* PODiscussion.swift */ = {isa = PBXFileReference; fileEncoding = 4; lastKnownFileType = sourcecode.swift; path = PODiscussion.swift; sourceTree = "<group>"; };
		1004C3F91D1A9D63006E6E11 /* PONeighborhood.swift */ = {isa = PBXFileReference; fileEncoding = 4; lastKnownFileType = sourcecode.swift; path = PONeighborhood.swift; sourceTree = "<group>"; };
		1004C3FA1D1A9D63006E6E11 /* PORealState.swift */ = {isa = PBXFileReference; fileEncoding = 4; lastKnownFileType = sourcecode.swift; path = PORealState.swift; sourceTree = "<group>"; };
		1004C3FB1D1A9D63006E6E11 /* PORealStateImages.swift */ = {isa = PBXFileReference; fileEncoding = 4; lastKnownFileType = sourcecode.swift; path = PORealStateImages.swift; sourceTree = "<group>"; };
		1004C3FC1D1A9D63006E6E11 /* POReportReasons.swift */ = {isa = PBXFileReference; fileEncoding = 4; lastKnownFileType = sourcecode.swift; path = POReportReasons.swift; sourceTree = "<group>"; };
		1004C3FD1D1A9D63006E6E11 /* POTopic.swift */ = {isa = PBXFileReference; fileEncoding = 4; lastKnownFileType = sourcecode.swift; path = POTopic.swift; sourceTree = "<group>"; };
		1004C3FE1D1A9D63006E6E11 /* POUnitTypes.swift */ = {isa = PBXFileReference; fileEncoding = 4; lastKnownFileType = sourcecode.swift; path = POUnitTypes.swift; sourceTree = "<group>"; };
		1004C3FF1D1A9D63006E6E11 /* POUser.swift */ = {isa = PBXFileReference; fileEncoding = 4; lastKnownFileType = sourcecode.swift; path = POUser.swift; sourceTree = "<group>"; };
		1004C4001D1A9D63006E6E11 /* User.swift */ = {isa = PBXFileReference; fileEncoding = 4; lastKnownFileType = sourcecode.swift; path = User.swift; sourceTree = "<group>"; };
		1004C40D1D1A9D6C006E6E11 /* SLComment.swift */ = {isa = PBXFileReference; fileEncoding = 4; lastKnownFileType = sourcecode.swift; path = SLComment.swift; sourceTree = "<group>"; };
		1004C40E1D1A9D6C006E6E11 /* SLDiscussion.swift */ = {isa = PBXFileReference; fileEncoding = 4; lastKnownFileType = sourcecode.swift; path = SLDiscussion.swift; sourceTree = "<group>"; };
		1004C40F1D1A9D6C006E6E11 /* SLRealState.swift */ = {isa = PBXFileReference; fileEncoding = 4; lastKnownFileType = sourcecode.swift; path = SLRealState.swift; sourceTree = "<group>"; };
		1004C4101D1A9D6C006E6E11 /* SLReport.swift */ = {isa = PBXFileReference; fileEncoding = 4; lastKnownFileType = sourcecode.swift; path = SLReport.swift; sourceTree = "<group>"; };
		1004C4161D1A9DB4006E6E11 /* Double+Custom.swift */ = {isa = PBXFileReference; fileEncoding = 4; lastKnownFileType = sourcecode.swift; path = "Double+Custom.swift"; sourceTree = "<group>"; };
		1004C4171D1A9DB4006E6E11 /* Int+Custom.swift */ = {isa = PBXFileReference; fileEncoding = 4; lastKnownFileType = sourcecode.swift; path = "Int+Custom.swift"; sourceTree = "<group>"; };
		1004C4181D1A9DB4006E6E11 /* JeeranUtil.swift */ = {isa = PBXFileReference; fileEncoding = 4; lastKnownFileType = sourcecode.swift; path = JeeranUtil.swift; sourceTree = "<group>"; };
		1004C4191D1A9DB4006E6E11 /* String+Custom.swift */ = {isa = PBXFileReference; fileEncoding = 4; lastKnownFileType = sourcecode.swift; path = "String+Custom.swift"; sourceTree = "<group>"; };
		1004C41A1D1A9DB4006E6E11 /* UIImage+CustomImage.swift */ = {isa = PBXFileReference; fileEncoding = 4; lastKnownFileType = sourcecode.swift; path = "UIImage+CustomImage.swift"; sourceTree = "<group>"; };
		1004C41B1D1A9DB4006E6E11 /* UIImageView+Custom.swift */ = {isa = PBXFileReference; fileEncoding = 4; lastKnownFileType = sourcecode.swift; path = "UIImageView+Custom.swift"; sourceTree = "<group>"; };
		1004C41C1D1A9DB4006E6E11 /* UINavigationController+Custom.swift */ = {isa = PBXFileReference; fileEncoding = 4; lastKnownFileType = sourcecode.swift; path = "UINavigationController+Custom.swift"; sourceTree = "<group>"; };
		1004C41D1D1A9DB4006E6E11 /* UITextField+Custom.swift */ = {isa = PBXFileReference; fileEncoding = 4; lastKnownFileType = sourcecode.swift; path = "UITextField+Custom.swift"; sourceTree = "<group>"; };
		1004C41E1D1A9DB4006E6E11 /* UITextView+Custom.swift */ = {isa = PBXFileReference; fileEncoding = 4; lastKnownFileType = sourcecode.swift; path = "UITextView+Custom.swift"; sourceTree = "<group>"; };
		1004C4281D1A9DDB006E6E11 /* ResponseManager.swift */ = {isa = PBXFileReference; fileEncoding = 4; lastKnownFileType = sourcecode.swift; path = ResponseManager.swift; sourceTree = "<group>"; };
		1004C42B1D1A9EEA006E6E11 /* NoData.swift */ = {isa = PBXFileReference; fileEncoding = 4; lastKnownFileType = sourcecode.swift; path = NoData.swift; sourceTree = "<group>"; };
		1004C42C1D1A9EEA006E6E11 /* NoFavorites.swift */ = {isa = PBXFileReference; fileEncoding = 4; lastKnownFileType = sourcecode.swift; path = NoFavorites.swift; sourceTree = "<group>"; };
		100E732E1D10C7AF00CF54E2 /* FloatingViewController.swift */ = {isa = PBXFileReference; fileEncoding = 4; lastKnownFileType = sourcecode.swift; path = FloatingViewController.swift; sourceTree = "<group>"; };
		100E73311D10CC9900CF54E2 /* FloatingNavigationController.swift */ = {isa = PBXFileReference; fileEncoding = 4; lastKnownFileType = sourcecode.swift; path = FloatingNavigationController.swift; sourceTree = "<group>"; };
		100E73331D10CD2B00CF54E2 /* MainNavigationController.swift */ = {isa = PBXFileReference; fileEncoding = 4; lastKnownFileType = sourcecode.swift; path = MainNavigationController.swift; sourceTree = "<group>"; };
		100E73351D10CF9B00CF54E2 /* FloatingButtonDelegate.swift */ = {isa = PBXFileReference; fileEncoding = 4; lastKnownFileType = sourcecode.swift; path = FloatingButtonDelegate.swift; sourceTree = "<group>"; };
		101DFA451D159EBC00799639 /* FacebookLoginDelegate.swift */ = {isa = PBXFileReference; fileEncoding = 4; lastKnownFileType = sourcecode.swift; path = FacebookLoginDelegate.swift; sourceTree = "<group>"; };
		104B5D001D15E0BB006CB09E /* ProfileViewDelegate.swift */ = {isa = PBXFileReference; fileEncoding = 4; lastKnownFileType = sourcecode.swift; path = ProfileViewDelegate.swift; sourceTree = "<group>"; };
		1051A9FF1D0DB7EA003412D2 /* HelpViewController.swift */ = {isa = PBXFileReference; fileEncoding = 4; lastKnownFileType = sourcecode.swift; path = HelpViewController.swift; sourceTree = "<group>"; };
		1051AA011D0DB811003412D2 /* MyAccountViewController.swift */ = {isa = PBXFileReference; fileEncoding = 4; lastKnownFileType = sourcecode.swift; path = MyAccountViewController.swift; sourceTree = "<group>"; };
		1051AA031D0DB82E003412D2 /* NotificationsViewController.swift */ = {isa = PBXFileReference; fileEncoding = 4; lastKnownFileType = sourcecode.swift; path = NotificationsViewController.swift; sourceTree = "<group>"; };
		1051AA051D0DB83E003412D2 /* SettingsViewController.swift */ = {isa = PBXFileReference; fileEncoding = 4; lastKnownFileType = sourcecode.swift; path = SettingsViewController.swift; sourceTree = "<group>"; };
		44D98D58CC82EB98FE8BE0D8 /* Pods-Jeeran.debug.xcconfig */ = {isa = PBXFileReference; includeInIndex = 1; lastKnownFileType = text.xcconfig; name = "Pods-Jeeran.debug.xcconfig"; path = "Pods/Target Support Files/Pods-Jeeran/Pods-Jeeran.debug.xcconfig"; sourceTree = "<group>"; };
		6814F00F1D1D52DE00375983 /* CollectionCell.swift */ = {isa = PBXFileReference; fileEncoding = 4; lastKnownFileType = sourcecode.swift; path = CollectionCell.swift; sourceTree = "<group>"; };
		6814F0101D1D52DE00375983 /* DetailViewController.swift */ = {isa = PBXFileReference; fileEncoding = 4; lastKnownFileType = sourcecode.swift; path = DetailViewController.swift; sourceTree = "<group>"; };
		6814F0111D1D52DE00375983 /* Jeeran-Bridging-Header.h */ = {isa = PBXFileReference; fileEncoding = 4; lastKnownFileType = sourcecode.c.h; path = "Jeeran-Bridging-Header.h"; sourceTree = "<group>"; };
		6814F0121D1D52DE00375983 /* Paper.swift */ = {isa = PBXFileReference; fileEncoding = 4; lastKnownFileType = sourcecode.swift; path = Paper.swift; sourceTree = "<group>"; };
		6814F0131D1D52DE00375983 /* Papers.plist */ = {isa = PBXFileReference; fileEncoding = 4; lastKnownFileType = text.plist.xml; path = Papers.plist; sourceTree = "<group>"; };
		6814F0141D1D52DE00375983 /* PapersDataSource.swift */ = {isa = PBXFileReference; fileEncoding = 4; lastKnownFileType = sourcecode.swift; path = PapersDataSource.swift; sourceTree = "<group>"; };
		6814F0151D1D52DE00375983 /* DetailServiceViewController.swift */ = {isa = PBXFileReference; fileEncoding = 4; lastKnownFileType = sourcecode.swift; path = DetailServiceViewController.swift; sourceTree = "<group>"; };
		6814F0171D1D52DE00375983 /* FavoriteServices.swift */ = {isa = PBXFileReference; fileEncoding = 4; lastKnownFileType = sourcecode.swift; path = FavoriteServices.swift; sourceTree = "<group>"; };
		6814F0181D1D52DE00375983 /* Jeeran-Bridging-Header.h */ = {isa = PBXFileReference; fileEncoding = 4; lastKnownFileType = sourcecode.c.h; path = "Jeeran-Bridging-Header.h"; sourceTree = "<group>"; };
		6814F01A1D1D52DE00375983 /* Constants.swift */ = {isa = PBXFileReference; fileEncoding = 4; lastKnownFileType = sourcecode.swift; path = Constants.swift; sourceTree = "<group>"; };
		6814F01B1D1D52DE00375983 /* Services.swift */ = {isa = PBXFileReference; fileEncoding = 4; lastKnownFileType = sourcecode.swift; path = Services.swift; sourceTree = "<group>"; };
		6814F01C1D1D52DE00375983 /* TableViewCell.swift */ = {isa = PBXFileReference; fileEncoding = 4; lastKnownFileType = sourcecode.swift; path = TableViewCell.swift; sourceTree = "<group>"; };
		6814F01E1D1D52DE00375983 /* MapController.swift */ = {isa = PBXFileReference; fileEncoding = 4; lastKnownFileType = sourcecode.swift; path = MapController.swift; sourceTree = "<group>"; };
		6814F0201D1D52DE00375983 /* ServicePlaceList.swift */ = {isa = PBXFileReference; fileEncoding = 4; lastKnownFileType = sourcecode.swift; path = ServicePlaceList.swift; sourceTree = "<group>"; };
		6814F0221D1D52DE00375983 /* ServiceRate.swift */ = {isa = PBXFileReference; fileEncoding = 4; lastKnownFileType = sourcecode.swift; path = ServiceRate.swift; sourceTree = "<group>"; };
		6814F0241D1D52DE00375983 /* SubServiceCell.swift */ = {isa = PBXFileReference; fileEncoding = 4; lastKnownFileType = sourcecode.swift; path = SubServiceCell.swift; sourceTree = "<group>"; };
		6814F0251D1D52DE00375983 /* SubServices.swift */ = {isa = PBXFileReference; fileEncoding = 4; lastKnownFileType = sourcecode.swift; path = SubServices.swift; sourceTree = "<group>"; };
		6814F0261D1D52DE00375983 /* URLs.swift */ = {isa = PBXFileReference; fileEncoding = 4; lastKnownFileType = sourcecode.swift; path = URLs.swift; sourceTree = "<group>"; };
		6814F03A1D1D52F100375983 /* DetailSubView.swift */ = {isa = PBXFileReference; fileEncoding = 4; lastKnownFileType = sourcecode.swift; path = DetailSubView.swift; sourceTree = "<group>"; };
		6814F03B1D1D52F100375983 /* ResponseDetailedSubServices.swift */ = {isa = PBXFileReference; fileEncoding = 4; lastKnownFileType = sourcecode.swift; path = ResponseDetailedSubServices.swift; sourceTree = "<group>"; };
		6814F03D1D1D52F100375983 /* FavoriteService.swift */ = {isa = PBXFileReference; fileEncoding = 4; lastKnownFileType = sourcecode.swift; path = FavoriteService.swift; sourceTree = "<group>"; };
		6814F03E1D1D52F100375983 /* ResponseFavoriteServices.swift */ = {isa = PBXFileReference; fileEncoding = 4; lastKnownFileType = sourcecode.swift; path = ResponseFavoriteServices.swift; sourceTree = "<group>"; };
		6814F03F1D1D52F100375983 /* ServicesPlaces.swift */ = {isa = PBXFileReference; fileEncoding = 4; lastKnownFileType = sourcecode.swift; path = ServicesPlaces.swift; sourceTree = "<group>"; };
		6814F0411D1D52F100375983 /* MainServiceList.swift */ = {isa = PBXFileReference; fileEncoding = 4; lastKnownFileType = sourcecode.swift; path = MainServiceList.swift; sourceTree = "<group>"; };
		6814F0421D1D52F100375983 /* ResponseService.swift */ = {isa = PBXFileReference; fileEncoding = 4; lastKnownFileType = sourcecode.swift; path = ResponseService.swift; sourceTree = "<group>"; };
		6814F0431D1D52F100375983 /* RateList.swift */ = {isa = PBXFileReference; fileEncoding = 4; lastKnownFileType = sourcecode.swift; path = RateList.swift; sourceTree = "<group>"; };
		6814F0451D1D52F100375983 /* ResponseServiceList.swift */ = {isa = PBXFileReference; fileEncoding = 4; lastKnownFileType = sourcecode.swift; path = ResponseServiceList.swift; sourceTree = "<group>"; };
		6814F0461D1D52F100375983 /* ServiceList.swift */ = {isa = PBXFileReference; fileEncoding = 4; lastKnownFileType = sourcecode.swift; path = ServiceList.swift; sourceTree = "<group>"; };
		6814F0481D1D52F100375983 /* Image.swift */ = {isa = PBXFileReference; fileEncoding = 4; lastKnownFileType = sourcecode.swift; path = Image.swift; sourceTree = "<group>"; };
		6814F0491D1D52F100375983 /* ResponseShowServicePlace.swift */ = {isa = PBXFileReference; fileEncoding = 4; lastKnownFileType = sourcecode.swift; path = ResponseShowServicePlace.swift; sourceTree = "<group>"; };
		6814F04A1D1D52F100375983 /* Review.swift */ = {isa = PBXFileReference; fileEncoding = 4; lastKnownFileType = sourcecode.swift; path = Review.swift; sourceTree = "<group>"; };
		6814F04B1D1D52F100375983 /* ServicePlace.swift */ = {isa = PBXFileReference; fileEncoding = 4; lastKnownFileType = sourcecode.swift; path = ServicePlace.swift; sourceTree = "<group>"; };
		6814F04C1D1D52F100375983 /* ShowServicePlace.swift */ = {isa = PBXFileReference; fileEncoding = 4; lastKnownFileType = sourcecode.swift; path = ShowServicePlace.swift; sourceTree = "<group>"; };
		6814F04D1D1D52F100375983 /* UserN.swift */ = {isa = PBXFileReference; fileEncoding = 4; lastKnownFileType = sourcecode.swift; path = UserN.swift; sourceTree = "<group>"; };
		6814F04F1D1D52F100375983 /* ResponseSubServices.swift */ = {isa = PBXFileReference; fileEncoding = 4; lastKnownFileType = sourcecode.swift; path = ResponseSubServices.swift; sourceTree = "<group>"; };
		6814F0501D1D52F100375983 /* SubServicesList.swift */ = {isa = PBXFileReference; fileEncoding = 4; lastKnownFileType = sourcecode.swift; path = SubServicesList.swift; sourceTree = "<group>"; };
		6814F0511D1D52F100375983 /* Result.swift */ = {isa = PBXFileReference; fileEncoding = 4; lastKnownFileType = sourcecode.swift; path = Result.swift; sourceTree = "<group>"; };
		6814F0521D1D52F100375983 /* ServicesURLs.swift */ = {isa = PBXFileReference; fileEncoding = 4; lastKnownFileType = sourcecode.swift; path = ServicesURLs.swift; sourceTree = "<group>"; };
		6814F0531D1D52F100375983 /* WebserviceManger.swift */ = {isa = PBXFileReference; fileEncoding = 4; lastKnownFileType = sourcecode.swift; path = WebserviceManger.swift; sourceTree = "<group>"; };
		6814F0691D1D535200375983 /* MainServices.storyboard */ = {isa = PBXFileReference; fileEncoding = 4; lastKnownFileType = file.storyboard; path = MainServices.storyboard; sourceTree = "<group>"; };
		68CEEDF41D1E42050058838A /* MyServicesPlaces.swift */ = {isa = PBXFileReference; fileEncoding = 4; lastKnownFileType = sourcecode.swift; path = MyServicesPlaces.swift; sourceTree = "<group>"; };
		68CEEDF61D1E421E0058838A /* MyServiceResponse.swift */ = {isa = PBXFileReference; fileEncoding = 4; lastKnownFileType = sourcecode.swift; path = MyServiceResponse.swift; sourceTree = "<group>"; };
		68CEEDF91D1E50A30058838A /* MyServices.swift */ = {isa = PBXFileReference; fileEncoding = 4; lastKnownFileType = sourcecode.swift; path = MyServices.swift; sourceTree = "<group>"; };
		B08F839EE822077DEF26DD74 /* Pods-Jeeran.release.xcconfig */ = {isa = PBXFileReference; includeInIndex = 1; lastKnownFileType = text.xcconfig; name = "Pods-Jeeran.release.xcconfig"; path = "Pods/Target Support Files/Pods-Jeeran/Pods-Jeeran.release.xcconfig"; sourceTree = "<group>"; };
		DAFD4D6F192A01EF42F17BB9 /* Pods_Jeeran.framework */ = {isa = PBXFileReference; explicitFileType = wrapper.framework; includeInIndex = 0; path = Pods_Jeeran.framework; sourceTree = BUILT_PRODUCTS_DIR; };
/* End PBXFileReference section */

/* Begin PBXFrameworksBuildPhase section */
		0413E0E01CF2580B0042943F /* Frameworks */ = {
			isa = PBXFrameworksBuildPhase;
			buildActionMask = 2147483647;
			files = (
				236DE34668219EDCC2098D41 /* Pods_Jeeran.framework in Frameworks */,
			);
			runOnlyForDeploymentPostprocessing = 0;
		};
/* End PBXFrameworksBuildPhase section */

/* Begin PBXGroup section */
		0413E0DA1CF2580B0042943F = {
			isa = PBXGroup;
			children = (
				0413E0E51CF2580B0042943F /* Jeeran */,
				0413E0E41CF2580B0042943F /* Products */,
				AC0CDFBDE427ED490D924370 /* Pods */,
				4D71B3954C3FF237F73C7914 /* Frameworks */,
			);
			sourceTree = "<group>";
		};
		0413E0E41CF2580B0042943F /* Products */ = {
			isa = PBXGroup;
			children = (
				0413E0E31CF2580B0042943F /* Jeeran.app */,
			);
			name = Products;
			sourceTree = "<group>";
		};
		0413E0E51CF2580B0042943F /* Jeeran */ = {
			isa = PBXGroup;
			children = (
				6814F0371D1D52F100375983 /* WebServicesForServices */,
				1004C4151D1A9DB4006E6E11 /* Util */,
				1004C40C1D1A9D6C006E6E11 /* ServiceLayer */,
				1004C3F41D1A9D63006E6E11 /* Model */,
				043573491D04862F00C07517 /* Webservices */,
				043573461D04861800C07517 /* AppDelgate */,
				0435732A1D04860900C07517 /* Controller */,
				0435731D1D04838D00C07517 /* Views */,
				043573081D04384B00C07517 /* TestWebServices */,
				042B278D1CF3FA3800CC81AE /* Others */,
				042B27821CF3F77900CC81AE /* Icons */,
				042B277D1CF3EBAA00CC81AE /* Images */,
			);
			path = Jeeran;
			sourceTree = "<group>";
		};
		042B277D1CF3EBAA00CC81AE /* Images */ = {
			isa = PBXGroup;
			children = (
				0425DA8E1CFDF5BB0062754C /* home2.jpeg */,
				0425DA8F1CFDF5BB0062754C /* home3.jpg */,
				042B279A1CF4054200CC81AE /* donthave.png */,
				042B27961CF3FEE200CC81AE /* home.jpg */,
				042B27971CF3FEE200CC81AE /* service.png */,
			);
			name = Images;
			sourceTree = "<group>";
		};
		042B27821CF3F77900CC81AE /* Icons */ = {
			isa = PBXGroup;
			children = (
				043123D11D0317E300CC2D22 /* categeory-arrow-icon.png */,
				044DABDC1D0058F300C6A01F /* services-icon.png */,
				0439F0E81CFF5B89004C1BCD /* default-photo.png */,
				0439F0E91CFF5B89004C1BCD /* photo-icon.png */,
				04231FCB1CFAAFD500B0493E /* comment-icon.png */,
				04231FCC1CFAAFD500B0493E /* favorite-icon.png */,
				04231FCD1CFAAFD500B0493E /* options-icon.png */,
				04231FCE1CFAAFD500B0493E /* report-icon.png */,
			);
			name = Icons;
			sourceTree = "<group>";
		};
		042B278D1CF3FA3800CC81AE /* Others */ = {
			isa = PBXGroup;
			children = (
				0413E0F01CF2580B0042943F /* Assets.xcassets */,
				0413E0F51CF2580B0042943F /* Info.plist */,
				0413E0ED1CF2580B0042943F /* Jeeran.xcdatamodeld */,
			);
			name = Others;
			sourceTree = "<group>";
		};
		043573081D04384B00C07517 /* TestWebServices */ = {
			isa = PBXGroup;
			children = (
				0435730B1D043EC900C07517 /* Discussiontest.swift */,
			);
			name = TestWebServices;
			sourceTree = "<group>";
		};
		0435731D1D04838D00C07517 /* Views */ = {
			isa = PBXGroup;
			children = (
				0435734C1D0486DF00C07517 /* MainRegistraion.storyboard */,
				1004C3E31D1A97AF006E6E11 /* Main.storyboard */,
				6814F0691D1D535200375983 /* MainServices.storyboard */,
				1003B16D1D0C607600012E70 /* LaunchScreen.storyboard */,
			);
			path = Views;
			sourceTree = "<group>";
		};
		0435732A1D04860900C07517 /* Controller */ = {
			isa = PBXGroup;
			children = (
				6814F00C1D1D52DE00375983 /* Services */,
				1004C42A1D1A9EEA006E6E11 /* NoDataOrFavorites */,
				1051A9F91D0DB7B6003412D2 /* HelpView */,
				1051A9FA1D0DB7B6003412D2 /* MyProfileView */,
				1051A9FB1D0DB7B6003412D2 /* NotificationsView */,
				1051A9FC1D0DB7B6003412D2 /* SettingsView */,
				0435732B1D04860900C07517 /* Disscusion */,
				0435732E1D04860900C07517 /* RealState */,
				043573301D04860900C07517 /* Registration */,
				043573361D04860900C07517 /* SideMenue */,
				0435733A1D04860900C07517 /* ViewController.swift */,
				100E732C1D10C7AF00CF54E2 /* FloatingButtonView */,
			);
			path = Controller;
			sourceTree = "<group>";
		};
		0435732B1D04860900C07517 /* Disscusion */ = {
			isa = PBXGroup;
			children = (
				1004C3E51D1A987E006E6E11 /* Comments.swift */,
				1004C3E61D1A987E006E6E11 /* Discussion.swift */,
				1004C3E71D1A987E006E6E11 /* DiscussionReport.swift */,
				1004C3E81D1A987E006E6E11 /* Reviews.swift */,
			);
			path = Disscusion;
			sourceTree = "<group>";
		};
		0435732E1D04860900C07517 /* RealState */ = {
			isa = PBXGroup;
			children = (
				1004C3ED1D1A98CA006E6E11 /* RealState.swift */,
				1004C3EE1D1A98CA006E6E11 /* RealStateAdding.swift */,
				1004C3EF1D1A98CA006E6E11 /* RealStateDetails.swift */,
			);
			path = RealState;
			sourceTree = "<group>";
		};
		043573301D04860900C07517 /* Registration */ = {
			isa = PBXGroup;
			children = (
				043573311D04860900C07517 /* LoginViewController.swift */,
				043573321D04860900C07517 /* PlaceViewController.swift */,
				043573331D04860900C07517 /* RegisterViewController.swift */,
				101DFA451D159EBC00799639 /* FacebookLoginDelegate.swift */,
			);
			path = Registration;
			sourceTree = "<group>";
		};
		043573361D04860900C07517 /* SideMenue */ = {
			isa = PBXGroup;
			children = (
				043573371D04860900C07517 /* MainContainerView.swift */,
				043573381D04860900C07517 /* MainContentView.swift */,
				043573391D04860900C07517 /* NavigationView.swift */,
				100E73331D10CD2B00CF54E2 /* MainNavigationController.swift */,
			);
			path = SideMenue;
			sourceTree = "<group>";
		};
		043573461D04861800C07517 /* AppDelgate */ = {
			isa = PBXGroup;
			children = (
				043573471D04861800C07517 /* AppDelegate.swift */,
			);
			path = AppDelgate;
			sourceTree = "<group>";
		};
		043573491D04862F00C07517 /* Webservices */ = {
			isa = PBXGroup;
			children = (
				1004C4281D1A9DDB006E6E11 /* ResponseManager.swift */,
				0435734A1D04862F00C07517 /* NetworkManager.swift */,
			);
			path = Webservices;
			sourceTree = "<group>";
		};
		1004C3F41D1A9D63006E6E11 /* Model */ = {
			isa = PBXGroup;
			children = (
				1004C3F51D1A9D63006E6E11 /* Pojos */,
				1004C4001D1A9D63006E6E11 /* User.swift */,
			);
			path = Model;
			sourceTree = "<group>";
		};
		1004C3F51D1A9D63006E6E11 /* Pojos */ = {
			isa = PBXGroup;
			children = (
				1004C3F61D1A9D63006E6E11 /* POAmenities.swift */,
				1004C3F71D1A9D63006E6E11 /* POComment.swift */,
				1004C3F81D1A9D63006E6E11 /* PODiscussion.swift */,
				1004C3F91D1A9D63006E6E11 /* PONeighborhood.swift */,
				1004C3FA1D1A9D63006E6E11 /* PORealState.swift */,
				1004C3FB1D1A9D63006E6E11 /* PORealStateImages.swift */,
				1004C3FC1D1A9D63006E6E11 /* POReportReasons.swift */,
				1004C3FD1D1A9D63006E6E11 /* POTopic.swift */,
				1004C3FE1D1A9D63006E6E11 /* POUnitTypes.swift */,
				1004C3FF1D1A9D63006E6E11 /* POUser.swift */,
			);
			path = Pojos;
			sourceTree = "<group>";
		};
		1004C40C1D1A9D6C006E6E11 /* ServiceLayer */ = {
			isa = PBXGroup;
			children = (
				1004C40D1D1A9D6C006E6E11 /* SLComment.swift */,
				1004C40E1D1A9D6C006E6E11 /* SLDiscussion.swift */,
				1004C40F1D1A9D6C006E6E11 /* SLRealState.swift */,
				1004C4101D1A9D6C006E6E11 /* SLReport.swift */,
			);
			path = ServiceLayer;
			sourceTree = "<group>";
		};
		1004C4151D1A9DB4006E6E11 /* Util */ = {
			isa = PBXGroup;
			children = (
				1004C4161D1A9DB4006E6E11 /* Double+Custom.swift */,
				1004C4171D1A9DB4006E6E11 /* Int+Custom.swift */,
				1004C4181D1A9DB4006E6E11 /* JeeranUtil.swift */,
				1004C4191D1A9DB4006E6E11 /* String+Custom.swift */,
				1004C41A1D1A9DB4006E6E11 /* UIImage+CustomImage.swift */,
				1004C41B1D1A9DB4006E6E11 /* UIImageView+Custom.swift */,
				1004C41C1D1A9DB4006E6E11 /* UINavigationController+Custom.swift */,
				1004C41D1D1A9DB4006E6E11 /* UITextField+Custom.swift */,
				1004C41E1D1A9DB4006E6E11 /* UITextView+Custom.swift */,
			);
			path = Util;
			sourceTree = "<group>";
		};
		1004C42A1D1A9EEA006E6E11 /* NoDataOrFavorites */ = {
			isa = PBXGroup;
			children = (
				1004C42B1D1A9EEA006E6E11 /* NoData.swift */,
				1004C42C1D1A9EEA006E6E11 /* NoFavorites.swift */,
			);
			path = NoDataOrFavorites;
			sourceTree = "<group>";
		};
		100E732C1D10C7AF00CF54E2 /* FloatingButtonView */ = {
			isa = PBXGroup;
			children = (
				100E732E1D10C7AF00CF54E2 /* FloatingViewController.swift */,
				100E73311D10CC9900CF54E2 /* FloatingNavigationController.swift */,
				100E73351D10CF9B00CF54E2 /* FloatingButtonDelegate.swift */,
			);
			path = FloatingButtonView;
			sourceTree = "<group>";
		};
		1051A9F91D0DB7B6003412D2 /* HelpView */ = {
			isa = PBXGroup;
			children = (
				1051A9FF1D0DB7EA003412D2 /* HelpViewController.swift */,
			);
			path = HelpView;
			sourceTree = "<group>";
		};
		1051A9FA1D0DB7B6003412D2 /* MyProfileView */ = {
			isa = PBXGroup;
			children = (
				1051AA011D0DB811003412D2 /* MyAccountViewController.swift */,
				104B5D001D15E0BB006CB09E /* ProfileViewDelegate.swift */,
			);
			path = MyProfileView;
			sourceTree = "<group>";
		};
		1051A9FB1D0DB7B6003412D2 /* NotificationsView */ = {
			isa = PBXGroup;
			children = (
				1051AA031D0DB82E003412D2 /* NotificationsViewController.swift */,
			);
			path = NotificationsView;
			sourceTree = "<group>";
		};
		1051A9FC1D0DB7B6003412D2 /* SettingsView */ = {
			isa = PBXGroup;
			children = (
				1051AA051D0DB83E003412D2 /* SettingsViewController.swift */,
			);
			path = SettingsView;
			sourceTree = "<group>";
		};
		4D71B3954C3FF237F73C7914 /* Frameworks */ = {
			isa = PBXGroup;
			children = (
				DAFD4D6F192A01EF42F17BB9 /* Pods_Jeeran.framework */,
			);
			name = Frameworks;
			sourceTree = "<group>";
		};
		6814F00C1D1D52DE00375983 /* Services */ = {
			isa = PBXGroup;
			children = (
				68CEEDF81D1E508D0058838A /* MyServices */,
				6814F00D1D1D52DE00375983 /* DetailViewOfSubServices */,
				6814F0161D1D52DE00375983 /* FavoriteServices */,
				6814F0181D1D52DE00375983 /* Jeeran-Bridging-Header.h */,
				6814F0191D1D52DE00375983 /* MainServices */,
				6814F01D1D1D52DE00375983 /* Map */,
				6814F01F1D1D52DE00375983 /* ServicePlaceList */,
				6814F0211D1D52DE00375983 /* ServiceRate */,
				6814F0231D1D52DE00375983 /* SubServices */,
			);
			path = Services;
			sourceTree = "<group>";
		};
		6814F00D1D1D52DE00375983 /* DetailViewOfSubServices */ = {
			isa = PBXGroup;
			children = (
				6814F00E1D1D52DE00375983 /* CollectionView */,
				6814F0151D1D52DE00375983 /* DetailServiceViewController.swift */,
			);
			path = DetailViewOfSubServices;
			sourceTree = "<group>";
		};
		6814F00E1D1D52DE00375983 /* CollectionView */ = {
			isa = PBXGroup;
			children = (
				6814F00F1D1D52DE00375983 /* CollectionCell.swift */,
				6814F0101D1D52DE00375983 /* DetailViewController.swift */,
				6814F0111D1D52DE00375983 /* Jeeran-Bridging-Header.h */,
				6814F0121D1D52DE00375983 /* Paper.swift */,
				6814F0131D1D52DE00375983 /* Papers.plist */,
				6814F0141D1D52DE00375983 /* PapersDataSource.swift */,
			);
			path = CollectionView;
			sourceTree = "<group>";
		};
		6814F0161D1D52DE00375983 /* FavoriteServices */ = {
			isa = PBXGroup;
			children = (
				6814F0171D1D52DE00375983 /* FavoriteServices.swift */,
			);
			path = FavoriteServices;
			sourceTree = "<group>";
		};
		6814F0191D1D52DE00375983 /* MainServices */ = {
			isa = PBXGroup;
			children = (
				6814F01A1D1D52DE00375983 /* Constants.swift */,
				6814F01B1D1D52DE00375983 /* Services.swift */,
				6814F01C1D1D52DE00375983 /* TableViewCell.swift */,
			);
			path = MainServices;
			sourceTree = "<group>";
		};
		6814F01D1D1D52DE00375983 /* Map */ = {
			isa = PBXGroup;
			children = (
				6814F01E1D1D52DE00375983 /* MapController.swift */,
			);
			path = Map;
			sourceTree = "<group>";
		};
		6814F01F1D1D52DE00375983 /* ServicePlaceList */ = {
			isa = PBXGroup;
			children = (
				6814F0201D1D52DE00375983 /* ServicePlaceList.swift */,
			);
			path = ServicePlaceList;
			sourceTree = "<group>";
		};
		6814F0211D1D52DE00375983 /* ServiceRate */ = {
			isa = PBXGroup;
			children = (
				6814F0221D1D52DE00375983 /* ServiceRate.swift */,
			);
			path = ServiceRate;
			sourceTree = "<group>";
		};
		6814F0231D1D52DE00375983 /* SubServices */ = {
			isa = PBXGroup;
			children = (
				6814F0241D1D52DE00375983 /* SubServiceCell.swift */,
				6814F0251D1D52DE00375983 /* SubServices.swift */,
				6814F0261D1D52DE00375983 /* URLs.swift */,
			);
			path = SubServices;
			sourceTree = "<group>";
		};
		6814F0371D1D52F100375983 /* WebServicesForServices */ = {
			isa = PBXGroup;
			children = (
				6814F0381D1D52F100375983 /* Pojos */,
				6814F0511D1D52F100375983 /* Result.swift */,
				6814F0521D1D52F100375983 /* ServicesURLs.swift */,
				6814F0531D1D52F100375983 /* WebserviceManger.swift */,
			);
			path = WebServicesForServices;
			sourceTree = "<group>";
		};
		6814F0381D1D52F100375983 /* Pojos */ = {
			isa = PBXGroup;
			children = (
				68CEEDF31D1E41E30058838A /* MyServices */,
				6814F0391D1D52F100375983 /* DetailedSubServices */,
				6814F03C1D1D52F100375983 /* FavoriteServicesList */,
				6814F0401D1D52F100375983 /* MainServices */,
				6814F0431D1D52F100375983 /* RateList.swift */,
				6814F0441D1D52F100375983 /* ServicePlaceList */,
				6814F0471D1D52F100375983 /* ShowServicePlace  */,
				6814F04E1D1D52F100375983 /* SubServices */,
			);
			path = Pojos;
			sourceTree = "<group>";
		};
		6814F0391D1D52F100375983 /* DetailedSubServices */ = {
			isa = PBXGroup;
			children = (
				6814F03A1D1D52F100375983 /* DetailSubView.swift */,
				6814F03B1D1D52F100375983 /* ResponseDetailedSubServices.swift */,
			);
			path = DetailedSubServices;
			sourceTree = "<group>";
		};
		6814F03C1D1D52F100375983 /* FavoriteServicesList */ = {
			isa = PBXGroup;
			children = (
				6814F03D1D1D52F100375983 /* FavoriteService.swift */,
				6814F03E1D1D52F100375983 /* ResponseFavoriteServices.swift */,
				6814F03F1D1D52F100375983 /* ServicesPlaces.swift */,
			);
			path = FavoriteServicesList;
			sourceTree = "<group>";
		};
		6814F0401D1D52F100375983 /* MainServices */ = {
			isa = PBXGroup;
			children = (
				6814F0411D1D52F100375983 /* MainServiceList.swift */,
				6814F0421D1D52F100375983 /* ResponseService.swift */,
			);
			path = MainServices;
			sourceTree = "<group>";
		};
		6814F0441D1D52F100375983 /* ServicePlaceList */ = {
			isa = PBXGroup;
			children = (
				6814F0451D1D52F100375983 /* ResponseServiceList.swift */,
				6814F0461D1D52F100375983 /* ServiceList.swift */,
			);
			path = ServicePlaceList;
			sourceTree = "<group>";
		};
		6814F0471D1D52F100375983 /* ShowServicePlace  */ = {
			isa = PBXGroup;
			children = (
				6814F0481D1D52F100375983 /* Image.swift */,
				6814F0491D1D52F100375983 /* ResponseShowServicePlace.swift */,
				6814F04A1D1D52F100375983 /* Review.swift */,
				6814F04B1D1D52F100375983 /* ServicePlace.swift */,
				6814F04C1D1D52F100375983 /* ShowServicePlace.swift */,
				6814F04D1D1D52F100375983 /* UserN.swift */,
			);
			path = "ShowServicePlace ";
			sourceTree = "<group>";
		};
		6814F04E1D1D52F100375983 /* SubServices */ = {
			isa = PBXGroup;
			children = (
				6814F04F1D1D52F100375983 /* ResponseSubServices.swift */,
				6814F0501D1D52F100375983 /* SubServicesList.swift */,
			);
			path = SubServices;
			sourceTree = "<group>";
		};
		68CEEDF31D1E41E30058838A /* MyServices */ = {
			isa = PBXGroup;
			children = (
				68CEEDF41D1E42050058838A /* MyServicesPlaces.swift */,
				68CEEDF61D1E421E0058838A /* MyServiceResponse.swift */,
			);
			path = MyServices;
			sourceTree = "<group>";
		};
		68CEEDF81D1E508D0058838A /* MyServices */ = {
			isa = PBXGroup;
			children = (
				68CEEDF91D1E50A30058838A /* MyServices.swift */,
			);
			path = MyServices;
			sourceTree = "<group>";
		};
		AC0CDFBDE427ED490D924370 /* Pods */ = {
			isa = PBXGroup;
			children = (
				44D98D58CC82EB98FE8BE0D8 /* Pods-Jeeran.debug.xcconfig */,
				B08F839EE822077DEF26DD74 /* Pods-Jeeran.release.xcconfig */,
			);
			name = Pods;
			sourceTree = "<group>";
		};
/* End PBXGroup section */

/* Begin PBXNativeTarget section */
		0413E0E21CF2580B0042943F /* Jeeran */ = {
			isa = PBXNativeTarget;
			buildConfigurationList = 0413E0F81CF2580B0042943F /* Build configuration list for PBXNativeTarget "Jeeran" */;
			buildPhases = (
				1DEB682D339CE5C39C9B6F80 /* [CP] Check Pods Manifest.lock */,
				064AE1A24BB29FDEDD07DD58 /* [CP] Check Pods Manifest.lock */,
				0413E0DF1CF2580B0042943F /* Sources */,
				0413E0E01CF2580B0042943F /* Frameworks */,
				0413E0E11CF2580B0042943F /* Resources */,
				616D9B4FFD8B4458AD8FA4B0 /* [CP] Embed Pods Frameworks */,
				48DA0FDEC0A094D32B1614B3 /* [CP] Copy Pods Resources */,
				D3674AE908894DAABFB9D741 /* 📦 Embed Pods Frameworks */,
				436B53CC73AF34D8DE7C512D /* 📦 Copy Pods Resources */,
			);
			buildRules = (
			);
			dependencies = (
			);
			name = Jeeran;
			productName = Jeeran;
			productReference = 0413E0E31CF2580B0042943F /* Jeeran.app */;
			productType = "com.apple.product-type.application";
		};
/* End PBXNativeTarget section */

/* Begin PBXProject section */
		0413E0DB1CF2580B0042943F /* Project object */ = {
			isa = PBXProject;
			attributes = {
				LastSwiftUpdateCheck = 0730;
				LastUpgradeCheck = 0730;
				ORGANIZATIONNAME = Mac;
				TargetAttributes = {
					0413E0E21CF2580B0042943F = {
						CreatedOnToolsVersion = 7.3;
					};
				};
			};
			buildConfigurationList = 0413E0DE1CF2580B0042943F /* Build configuration list for PBXProject "Jeeran" */;
			compatibilityVersion = "Xcode 3.2";
			developmentRegion = English;
			hasScannedForEncodings = 0;
			knownRegions = (
				en,
				Base,
			);
			mainGroup = 0413E0DA1CF2580B0042943F;
			productRefGroup = 0413E0E41CF2580B0042943F /* Products */;
			projectDirPath = "";
			projectRoot = "";
			targets = (
				0413E0E21CF2580B0042943F /* Jeeran */,
			);
		};
/* End PBXProject section */

/* Begin PBXResourcesBuildPhase section */
		0413E0E11CF2580B0042943F /* Resources */ = {
			isa = PBXResourcesBuildPhase;
			buildActionMask = 2147483647;
			files = (
				0425DA901CFDF5BB0062754C /* home2.jpeg in Resources */,
				043123D21D0317E300CC2D22 /* categeory-arrow-icon.png in Resources */,
				04231FD21CFAAFD500B0493E /* report-icon.png in Resources */,
				04231FD11CFAAFD500B0493E /* options-icon.png in Resources */,
				042B27981CF3FEE200CC81AE /* home.jpg in Resources */,
				04231FD01CFAAFD500B0493E /* favorite-icon.png in Resources */,
				0425DA911CFDF5BB0062754C /* home3.jpg in Resources */,
				0435734D1D0486DF00C07517 /* MainRegistraion.storyboard in Resources */,
				0413E0F11CF2580B0042943F /* Assets.xcassets in Resources */,
				1003B16E1D0C607600012E70 /* LaunchScreen.storyboard in Resources */,
				04231FCF1CFAAFD500B0493E /* comment-icon.png in Resources */,
				0439F0EC1CFF5B8A004C1BCD /* photo-icon.png in Resources */,
				6814F02A1D1D52DE00375983 /* Papers.plist in Resources */,
				042B27991CF3FEE200CC81AE /* service.png in Resources */,
				0439F0EB1CFF5B8A004C1BCD /* default-photo.png in Resources */,
				042B279B1CF4054200CC81AE /* donthave.png in Resources */,
				1004C3E41D1A97AF006E6E11 /* Main.storyboard in Resources */,
				6814F06A1D1D535200375983 /* MainServices.storyboard in Resources */,
				044DABDD1D0058F300C6A01F /* services-icon.png in Resources */,
			);
			runOnlyForDeploymentPostprocessing = 0;
		};
/* End PBXResourcesBuildPhase section */

/* Begin PBXShellScriptBuildPhase section */
		064AE1A24BB29FDEDD07DD58 /* [CP] Check Pods Manifest.lock */ = {
			isa = PBXShellScriptBuildPhase;
			buildActionMask = 2147483647;
			files = (
			);
			inputPaths = (
			);
			name = "[CP] Check Pods Manifest.lock";
			outputPaths = (
			);
			runOnlyForDeploymentPostprocessing = 0;
			shellPath = /bin/sh;
			shellScript = "diff \"${PODS_ROOT}/../Podfile.lock\" \"${PODS_ROOT}/Manifest.lock\" > /dev/null\nif [[ $? != 0 ]] ; then\n    cat << EOM\nerror: The sandbox is not in sync with the Podfile.lock. Run 'pod install' or update your CocoaPods installation.\nEOM\n    exit 1\nfi\n";
			showEnvVarsInLog = 0;
		};
		1DEB682D339CE5C39C9B6F80 /* [CP] Check Pods Manifest.lock */ = {
			isa = PBXShellScriptBuildPhase;
			buildActionMask = 2147483647;
			files = (
			);
			inputPaths = (
			);
			name = "[CP] Check Pods Manifest.lock";
			outputPaths = (
			);
			runOnlyForDeploymentPostprocessing = 0;
			shellPath = /bin/sh;
			shellScript = "diff \"${PODS_ROOT}/../Podfile.lock\" \"${PODS_ROOT}/Manifest.lock\" > /dev/null\nif [[ $? != 0 ]] ; then\n    cat << EOM\nerror: The sandbox is not in sync with the Podfile.lock. Run 'pod install' or update your CocoaPods installation.\nEOM\n    exit 1\nfi\n";
			showEnvVarsInLog = 0;
		};
		436B53CC73AF34D8DE7C512D /* 📦 Copy Pods Resources */ = {
			isa = PBXShellScriptBuildPhase;
			buildActionMask = 2147483647;
			files = (
			);
			inputPaths = (
			);
			name = "📦 Copy Pods Resources";
			outputPaths = (
			);
			runOnlyForDeploymentPostprocessing = 0;
			shellPath = /bin/sh;
			shellScript = "\"${SRCROOT}/Pods/Target Support Files/Pods-Jeeran/Pods-Jeeran-resources.sh\"\n";
			showEnvVarsInLog = 0;
		};
		48DA0FDEC0A094D32B1614B3 /* [CP] Copy Pods Resources */ = {
			isa = PBXShellScriptBuildPhase;
			buildActionMask = 2147483647;
			files = (
			);
			inputPaths = (
			);
			name = "[CP] Copy Pods Resources";
			outputPaths = (
			);
			runOnlyForDeploymentPostprocessing = 0;
			shellPath = /bin/sh;
			shellScript = "\"${SRCROOT}/Pods/Target Support Files/Pods-Jeeran/Pods-Jeeran-resources.sh\"\n";
			showEnvVarsInLog = 0;
		};
		616D9B4FFD8B4458AD8FA4B0 /* [CP] Embed Pods Frameworks */ = {
			isa = PBXShellScriptBuildPhase;
			buildActionMask = 2147483647;
			files = (
			);
			inputPaths = (
			);
			name = "[CP] Embed Pods Frameworks";
			outputPaths = (
			);
			runOnlyForDeploymentPostprocessing = 0;
			shellPath = /bin/sh;
			shellScript = "\"${SRCROOT}/Pods/Target Support Files/Pods-Jeeran/Pods-Jeeran-frameworks.sh\"\n";
			showEnvVarsInLog = 0;
		};
		D3674AE908894DAABFB9D741 /* 📦 Embed Pods Frameworks */ = {
			isa = PBXShellScriptBuildPhase;
			buildActionMask = 2147483647;
			files = (
			);
			inputPaths = (
			);
			name = "📦 Embed Pods Frameworks";
			outputPaths = (
			);
			runOnlyForDeploymentPostprocessing = 0;
			shellPath = /bin/sh;
			shellScript = "\"${SRCROOT}/Pods/Target Support Files/Pods-Jeeran/Pods-Jeeran-frameworks.sh\"\n";
			showEnvVarsInLog = 0;
		};
/* End PBXShellScriptBuildPhase section */

/* Begin PBXSourcesBuildPhase section */
		0413E0DF1CF2580B0042943F /* Sources */ = {
			isa = PBXSourcesBuildPhase;
			buildActionMask = 2147483647;
			files = (
				6814F0681D1D52F100375983 /* WebserviceManger.swift in Sources */,
				68CEEDF71D1E421E0058838A /* MyServiceResponse.swift in Sources */,
				1004C3EA1D1A987E006E6E11 /* Discussion.swift in Sources */,
				6814F0581D1D52F100375983 /* ServicesPlaces.swift in Sources */,
				0435733E1D04860900C07517 /* LoginViewController.swift in Sources */,
				1004C3F11D1A98CA006E6E11 /* RealStateAdding.swift in Sources */,
				043573431D04860900C07517 /* MainContentView.swift in Sources */,
				6814F0671D1D52F100375983 /* ServicesURLs.swift in Sources */,
				6814F05B1D1D52F100375983 /* RateList.swift in Sources */,
				1004C4121D1A9D6C006E6E11 /* SLDiscussion.swift in Sources */,
				1004C3F01D1A98CA006E6E11 /* RealState.swift in Sources */,
				1004C3E91D1A987E006E6E11 /* Comments.swift in Sources */,
				1004C4061D1A9D63006E6E11 /* PORealStateImages.swift in Sources */,
				043573481D04861800C07517 /* AppDelegate.swift in Sources */,
				6814F02E1D1D52DE00375983 /* Constants.swift in Sources */,
				043573401D04860900C07517 /* RegisterViewController.swift in Sources */,
				1004C4221D1A9DB4006E6E11 /* String+Custom.swift in Sources */,
				6814F0271D1D52DE00375983 /* CollectionCell.swift in Sources */,
				6814F0631D1D52F100375983 /* UserN.swift in Sources */,
				0435733F1D04860900C07517 /* PlaceViewController.swift in Sources */,
				1004C4211D1A9DB4006E6E11 /* JeeranUtil.swift in Sources */,
				1004C4011D1A9D63006E6E11 /* POAmenities.swift in Sources */,
				100E73321D10CC9900CF54E2 /* FloatingNavigationController.swift in Sources */,
				68CEEDFA1D1E50A30058838A /* MyServices.swift in Sources */,
				1004C41F1D1A9DB4006E6E11 /* Double+Custom.swift in Sources */,
				0413E0EF1CF2580B0042943F /* Jeeran.xcdatamodeld in Sources */,
				6814F05A1D1D52F100375983 /* ResponseService.swift in Sources */,
				1004C4291D1A9DDB006E6E11 /* ResponseManager.swift in Sources */,
				1051AA021D0DB811003412D2 /* MyAccountViewController.swift in Sources */,
				1051AA041D0DB82E003412D2 /* NotificationsViewController.swift in Sources */,
				6814F0651D1D52F100375983 /* SubServicesList.swift in Sources */,
				6814F0341D1D52DE00375983 /* SubServiceCell.swift in Sources */,
				6814F0551D1D52F100375983 /* ResponseDetailedSubServices.swift in Sources */,
				1004C4111D1A9D6C006E6E11 /* SLComment.swift in Sources */,
				6814F05E1D1D52F100375983 /* Image.swift in Sources */,
				6814F0591D1D52F100375983 /* MainServiceList.swift in Sources */,
				1004C4241D1A9DB4006E6E11 /* UIImageView+Custom.swift in Sources */,
				6814F0661D1D52F100375983 /* Result.swift in Sources */,
				1051AA061D0DB83E003412D2 /* SettingsViewController.swift in Sources */,
				1004C4051D1A9D63006E6E11 /* PORealState.swift in Sources */,
				6814F0561D1D52F100375983 /* FavoriteService.swift in Sources */,
				1004C4041D1A9D63006E6E11 /* PONeighborhood.swift in Sources */,
				1004C42D1D1A9EEA006E6E11 /* NoData.swift in Sources */,
				043573451D04860900C07517 /* ViewController.swift in Sources */,
				1004C4271D1A9DB4006E6E11 /* UITextView+Custom.swift in Sources */,
				1004C40B1D1A9D63006E6E11 /* User.swift in Sources */,
				043573421D04860900C07517 /* MainContainerView.swift in Sources */,
				1004C3EB1D1A987E006E6E11 /* DiscussionReport.swift in Sources */,
				6814F0601D1D52F100375983 /* Review.swift in Sources */,
				6814F0291D1D52DE00375983 /* Paper.swift in Sources */,
				6814F05D1D1D52F100375983 /* ServiceList.swift in Sources */,
				1004C4021D1A9D63006E6E11 /* POComment.swift in Sources */,
				1004C4031D1A9D63006E6E11 /* PODiscussion.swift in Sources */,
				6814F02D1D1D52DE00375983 /* FavoriteServices.swift in Sources */,
				1004C4091D1A9D63006E6E11 /* POUnitTypes.swift in Sources */,
				1004C4231D1A9DB4006E6E11 /* UIImage+CustomImage.swift in Sources */,
				6814F05C1D1D52F100375983 /* ResponseServiceList.swift in Sources */,
				100E73301D10C7AF00CF54E2 /* FloatingViewController.swift in Sources */,
				6814F0351D1D52DE00375983 /* SubServices.swift in Sources */,
				6814F0641D1D52F100375983 /* ResponseSubServices.swift in Sources */,
				1004C4141D1A9D6C006E6E11 /* SLReport.swift in Sources */,
				68CEEDF51D1E42060058838A /* MyServicesPlaces.swift in Sources */,
				100E73361D10CF9B00CF54E2 /* FloatingButtonDelegate.swift in Sources */,
				1004C3EC1D1A987E006E6E11 /* Reviews.swift in Sources */,
				6814F0361D1D52DE00375983 /* URLs.swift in Sources */,
				6814F05F1D1D52F100375983 /* ResponseShowServicePlace.swift in Sources */,
				1004C42E1D1A9EEA006E6E11 /* NoFavorites.swift in Sources */,
				1004C40A1D1A9D63006E6E11 /* POUser.swift in Sources */,
				100E73341D10CD2B00CF54E2 /* MainNavigationController.swift in Sources */,
				1004C4251D1A9DB4006E6E11 /* UINavigationController+Custom.swift in Sources */,
				6814F0331D1D52DE00375983 /* ServiceRate.swift in Sources */,
				6814F0541D1D52F100375983 /* DetailSubView.swift in Sources */,
				1004C4131D1A9D6C006E6E11 /* SLRealState.swift in Sources */,
				104B5D011D15E0BB006CB09E /* ProfileViewDelegate.swift in Sources */,
				6814F0301D1D52DE00375983 /* TableViewCell.swift in Sources */,
				0435734B1D04862F00C07517 /* NetworkManager.swift in Sources */,
				043573441D04860900C07517 /* NavigationView.swift in Sources */,
				6814F0281D1D52DE00375983 /* DetailViewController.swift in Sources */,
				6814F0311D1D52DE00375983 /* MapController.swift in Sources */,
				6814F02F1D1D52DE00375983 /* Services.swift in Sources */,
				1004C3F21D1A98CA006E6E11 /* RealStateDetails.swift in Sources */,
				1004C4081D1A9D63006E6E11 /* POTopic.swift in Sources */,
				6814F0571D1D52F100375983 /* ResponseFavoriteServices.swift in Sources */,
				6814F0321D1D52DE00375983 /* ServicePlaceList.swift in Sources */,
				6814F0611D1D52F100375983 /* ServicePlace.swift in Sources */,
				1004C4261D1A9DB4006E6E11 /* UITextField+Custom.swift in Sources */,
				101DFA461D159EBC00799639 /* FacebookLoginDelegate.swift in Sources */,
				1004C4201D1A9DB4006E6E11 /* Int+Custom.swift in Sources */,
				6814F0621D1D52F100375983 /* ShowServicePlace.swift in Sources */,
				0435730C1D043EC900C07517 /* Discussiontest.swift in Sources */,
				1004C4071D1A9D63006E6E11 /* POReportReasons.swift in Sources */,
				6814F02C1D1D52DE00375983 /* DetailServiceViewController.swift in Sources */,
				6814F02B1D1D52DE00375983 /* PapersDataSource.swift in Sources */,
				1051AA001D0DB7EA003412D2 /* HelpViewController.swift in Sources */,
			);
			runOnlyForDeploymentPostprocessing = 0;
		};
/* End PBXSourcesBuildPhase section */

/* Begin XCBuildConfiguration section */
		0413E0F61CF2580B0042943F /* Debug */ = {
			isa = XCBuildConfiguration;
			buildSettings = {
				ALWAYS_SEARCH_USER_PATHS = NO;
				CLANG_ANALYZER_NONNULL = YES;
				CLANG_CXX_LANGUAGE_STANDARD = "gnu++0x";
				CLANG_CXX_LIBRARY = "libc++";
				CLANG_ENABLE_MODULES = YES;
				CLANG_ENABLE_OBJC_ARC = YES;
				CLANG_WARN_BOOL_CONVERSION = YES;
				CLANG_WARN_CONSTANT_CONVERSION = YES;
				CLANG_WARN_DIRECT_OBJC_ISA_USAGE = YES_ERROR;
				CLANG_WARN_EMPTY_BODY = YES;
				CLANG_WARN_ENUM_CONVERSION = YES;
				CLANG_WARN_INT_CONVERSION = YES;
				CLANG_WARN_OBJC_ROOT_CLASS = YES_ERROR;
				CLANG_WARN_UNREACHABLE_CODE = YES;
				CLANG_WARN__DUPLICATE_METHOD_MATCH = YES;
				"CODE_SIGN_IDENTITY[sdk=iphoneos*]" = "iPhone Developer";
				COPY_PHASE_STRIP = NO;
				DEBUG_INFORMATION_FORMAT = dwarf;
				ENABLE_STRICT_OBJC_MSGSEND = YES;
				ENABLE_TESTABILITY = YES;
				GCC_C_LANGUAGE_STANDARD = gnu99;
				GCC_DYNAMIC_NO_PIC = NO;
				GCC_NO_COMMON_BLOCKS = YES;
				GCC_OPTIMIZATION_LEVEL = 0;
				GCC_PREPROCESSOR_DEFINITIONS = (
					"DEBUG=1",
					"$(inherited)",
				);
				GCC_WARN_64_TO_32_BIT_CONVERSION = YES;
				GCC_WARN_ABOUT_RETURN_TYPE = YES_ERROR;
				GCC_WARN_UNDECLARED_SELECTOR = YES;
				GCC_WARN_UNINITIALIZED_AUTOS = YES_AGGRESSIVE;
				GCC_WARN_UNUSED_FUNCTION = YES;
				GCC_WARN_UNUSED_VARIABLE = YES;
				IPHONEOS_DEPLOYMENT_TARGET = 9.3;
				MTL_ENABLE_DEBUG_INFO = YES;
				ONLY_ACTIVE_ARCH = YES;
				SDKROOT = iphoneos;
				SWIFT_OPTIMIZATION_LEVEL = "-Onone";
			};
			name = Debug;
		};
		0413E0F71CF2580B0042943F /* Release */ = {
			isa = XCBuildConfiguration;
			buildSettings = {
				ALWAYS_SEARCH_USER_PATHS = NO;
				CLANG_ANALYZER_NONNULL = YES;
				CLANG_CXX_LANGUAGE_STANDARD = "gnu++0x";
				CLANG_CXX_LIBRARY = "libc++";
				CLANG_ENABLE_MODULES = YES;
				CLANG_ENABLE_OBJC_ARC = YES;
				CLANG_WARN_BOOL_CONVERSION = YES;
				CLANG_WARN_CONSTANT_CONVERSION = YES;
				CLANG_WARN_DIRECT_OBJC_ISA_USAGE = YES_ERROR;
				CLANG_WARN_EMPTY_BODY = YES;
				CLANG_WARN_ENUM_CONVERSION = YES;
				CLANG_WARN_INT_CONVERSION = YES;
				CLANG_WARN_OBJC_ROOT_CLASS = YES_ERROR;
				CLANG_WARN_UNREACHABLE_CODE = YES;
				CLANG_WARN__DUPLICATE_METHOD_MATCH = YES;
				"CODE_SIGN_IDENTITY[sdk=iphoneos*]" = "iPhone Developer";
				COPY_PHASE_STRIP = NO;
				DEBUG_INFORMATION_FORMAT = "dwarf-with-dsym";
				ENABLE_NS_ASSERTIONS = NO;
				ENABLE_STRICT_OBJC_MSGSEND = YES;
				GCC_C_LANGUAGE_STANDARD = gnu99;
				GCC_NO_COMMON_BLOCKS = YES;
				GCC_WARN_64_TO_32_BIT_CONVERSION = YES;
				GCC_WARN_ABOUT_RETURN_TYPE = YES_ERROR;
				GCC_WARN_UNDECLARED_SELECTOR = YES;
				GCC_WARN_UNINITIALIZED_AUTOS = YES_AGGRESSIVE;
				GCC_WARN_UNUSED_FUNCTION = YES;
				GCC_WARN_UNUSED_VARIABLE = YES;
				IPHONEOS_DEPLOYMENT_TARGET = 9.3;
				MTL_ENABLE_DEBUG_INFO = NO;
				SDKROOT = iphoneos;
				VALIDATE_PRODUCT = YES;
			};
			name = Release;
		};
		0413E0F91CF2580B0042943F /* Debug */ = {
			isa = XCBuildConfiguration;
			baseConfigurationReference = 44D98D58CC82EB98FE8BE0D8 /* Pods-Jeeran.debug.xcconfig */;
			buildSettings = {
				ASSETCATALOG_COMPILER_APPICON_NAME = AppIcon;
				INFOPLIST_FILE = Jeeran/Info.plist;
				LD_RUNPATH_SEARCH_PATHS = "$(inherited) @executable_path/Frameworks";
				PRODUCT_BUNDLE_IDENTIFIER = com.gn4me.jeeran;
				PRODUCT_NAME = "$(TARGET_NAME)";
			};
			name = Debug;
		};
		0413E0FA1CF2580B0042943F /* Release */ = {
			isa = XCBuildConfiguration;
			baseConfigurationReference = B08F839EE822077DEF26DD74 /* Pods-Jeeran.release.xcconfig */;
			buildSettings = {
				ASSETCATALOG_COMPILER_APPICON_NAME = AppIcon;
				INFOPLIST_FILE = Jeeran/Info.plist;
				LD_RUNPATH_SEARCH_PATHS = "$(inherited) @executable_path/Frameworks";
				PRODUCT_BUNDLE_IDENTIFIER = com.gn4me.jeeran;
				PRODUCT_NAME = "$(TARGET_NAME)";
			};
			name = Release;
		};
/* End XCBuildConfiguration section */

/* Begin XCConfigurationList section */
		0413E0DE1CF2580B0042943F /* Build configuration list for PBXProject "Jeeran" */ = {
			isa = XCConfigurationList;
			buildConfigurations = (
				0413E0F61CF2580B0042943F /* Debug */,
				0413E0F71CF2580B0042943F /* Release */,
			);
			defaultConfigurationIsVisible = 0;
			defaultConfigurationName = Release;
		};
		0413E0F81CF2580B0042943F /* Build configuration list for PBXNativeTarget "Jeeran" */ = {
			isa = XCConfigurationList;
			buildConfigurations = (
				0413E0F91CF2580B0042943F /* Debug */,
				0413E0FA1CF2580B0042943F /* Release */,
			);
			defaultConfigurationIsVisible = 0;
			defaultConfigurationName = Release;
		};
/* End XCConfigurationList section */

/* Begin XCVersionGroup section */
		0413E0ED1CF2580B0042943F /* Jeeran.xcdatamodeld */ = {
			isa = XCVersionGroup;
			children = (
				0413E0EE1CF2580B0042943F /* Jeeran.xcdatamodel */,
			);
			currentVersion = 0413E0EE1CF2580B0042943F /* Jeeran.xcdatamodel */;
			path = Jeeran.xcdatamodeld;
			sourceTree = "<group>";
			versionGroupType = wrapper.xcdatamodel;
		};
/* End XCVersionGroup section */
	};
	rootObject = 0413E0DB1CF2580B0042943F /* Project object */;
}
